
Microsoft Visual Studio Solution File, Format Version 12.00
# Visual Studio Version 16
VisualStudioVersion = 16.0.29609.76
MinimumVisualStudioVersion = 10.0.40219.1
Project("{2150E333-8FDC-42A3-9474-1A3956D46DE8}") = "10.WEB", "10.WEB", "{91476BB3-3920-40C0-ADC9-8FCEB227CEC1}"
EndProject
Project("{2150E333-8FDC-42A3-9474-1A3956D46DE8}") = "20.SERVICE", "20.SERVICE", "{59BA31DE-C56F-4B38-BA7D-518D45FBEC00}"
EndProject
Project("{2150E333-8FDC-42A3-9474-1A3956D46DE8}") = "30.BLL", "30.BLL", "{842DC195-EFA5-490F-B696-54EEDA3C9410}"
EndProject
Project("{2150E333-8FDC-42A3-9474-1A3956D46DE8}") = "40.DAL", "40.DAL", "{71B30F54-8B47-4085-BBFA-B3495772DE19}"
EndProject
Project("{2150E333-8FDC-42A3-9474-1A3956D46DE8}") = "50.DTO", "50.DTO", "{317EC213-22C0-4C3C-925D-6CBAAD8B380C}"
EndProject
Project("{9A19103F-16F7-4668-BE54-9A1E7A4F7556}") = "Entities", "Entities\Entities.csproj", "{A28EAFB6-08B7-40C4-989C-CA4844BE9C2F}"
EndProject
Project("{9A19103F-16F7-4668-BE54-9A1E7A4F7556}") = "DAL", "DAL\DAL.csproj", "{FFAFB20D-4CDF-43B1-A0BB-935F949E30CC}"
EndProject
Project("{9A19103F-16F7-4668-BE54-9A1E7A4F7556}") = "BLL", "BLL\BLL.csproj", "{12E855BB-FC14-49D8-9554-A25D8A13C4E0}"
EndProject
Project("{FAE04EC0-301F-11D3-BF4B-00C04F79EFBC}") = "PV.Api", "PV.Api\PV.Api.csproj", "{D5ADEE95-40A4-41C8-BD59-B38F2E397D09}"
EndProject
Global
	GlobalSection(SolutionConfigurationPlatforms) = preSolution
		Debug|Any CPU = Debug|Any CPU
		Release|Any CPU = Release|Any CPU
	EndGlobalSection
	GlobalSection(ProjectConfigurationPlatforms) = postSolution
		{A28EAFB6-08B7-40C4-989C-CA4844BE9C2F}.Debug|Any CPU.ActiveCfg = Debug|Any CPU
		{A28EAFB6-08B7-40C4-989C-CA4844BE9C2F}.Debug|Any CPU.Build.0 = Debug|Any CPU
		{A28EAFB6-08B7-40C4-989C-CA4844BE9C2F}.Release|Any CPU.ActiveCfg = Release|Any CPU
		{A28EAFB6-08B7-40C4-989C-CA4844BE9C2F}.Release|Any CPU.Build.0 = Release|Any CPU
		{FFAFB20D-4CDF-43B1-A0BB-935F949E30CC}.Debug|Any CPU.ActiveCfg = Debug|Any CPU
		{FFAFB20D-4CDF-43B1-A0BB-935F949E30CC}.Debug|Any CPU.Build.0 = Debug|Any CPU
		{FFAFB20D-4CDF-43B1-A0BB-935F949E30CC}.Release|Any CPU.ActiveCfg = Release|Any CPU
		{FFAFB20D-4CDF-43B1-A0BB-935F949E30CC}.Release|Any CPU.Build.0 = Release|Any CPU
		{12E855BB-FC14-49D8-9554-A25D8A13C4E0}.Debug|Any CPU.ActiveCfg = Debug|Any CPU
		{12E855BB-FC14-49D8-9554-A25D8A13C4E0}.Debug|Any CPU.Build.0 = Debug|Any CPU
		{12E855BB-FC14-49D8-9554-A25D8A13C4E0}.Release|Any CPU.ActiveCfg = Release|Any CPU
		{12E855BB-FC14-49D8-9554-A25D8A13C4E0}.Release|Any CPU.Build.0 = Release|Any CPU
		{D5ADEE95-40A4-41C8-BD59-B38F2E397D09}.Debug|Any CPU.ActiveCfg = Debug|Any CPU
		{D5ADEE95-40A4-41C8-BD59-B38F2E397D09}.Debug|Any CPU.Build.0 = Debug|Any CPU
		{D5ADEE95-40A4-41C8-BD59-B38F2E397D09}.Release|Any CPU.ActiveCfg = Release|Any CPU
		{D5ADEE95-40A4-41C8-BD59-B38F2E397D09}.Release|Any CPU.Build.0 = Release|Any CPU
	EndGlobalSection
	GlobalSection(SolutionProperties) = preSolution
		HideSolutionNode = FALSE
	EndGlobalSection
	GlobalSection(NestedProjects) = preSolution
		{A28EAFB6-08B7-40C4-989C-CA4844BE9C2F} = {317EC213-22C0-4C3C-925D-6CBAAD8B380C}
		{FFAFB20D-4CDF-43B1-A0BB-935F949E30CC} = {71B30F54-8B47-4085-BBFA-B3495772DE19}
		{12E855BB-FC14-49D8-9554-A25D8A13C4E0} = {842DC195-EFA5-490F-B696-54EEDA3C9410}
		{D5ADEE95-40A4-41C8-BD59-B38F2E397D09} = {59BA31DE-C56F-4B38-BA7D-518D45FBEC00}
	EndGlobalSection
	GlobalSection(ExtensibilityGlobals) = postSolution
		SolutionGuid = {481117B2-5150-4A73-BD90-0369926BC596}
	EndGlobalSection
EndGlobal
